
Microsoft Visual Studio Solution File, Format Version 12.00
# Visual Studio Version 16
VisualStudioVersion = 16.0.28922.388
MinimumVisualStudioVersion = 10.0.40219.1
Project("{FAE04EC0-301F-11D3-BF4B-00C04F79EFBC}") = "BYTDownloader", "BYTDownloader\BYTDownloader.csproj", "{F3B7BF2E-A614-41B4-AD91-63FDF5C3488F}"
EndProject
Global
	GlobalSection(SolutionConfigurationPlatforms) = preSolution
		Debug|Any CPU = Debug|Any CPU
		Release|Any CPU = Release|Any CPU
	EndGlobalSection
	GlobalSection(ProjectConfigurationPlatforms) = postSolution
		{F3B7BF2E-A614-41B4-AD91-63FDF5C3488F}.Debug|Any CPU.ActiveCfg = Debug|Any CPU
		{F3B7BF2E-A614-41B4-AD91-63FDF5C3488F}.Debug|Any CPU.Build.0 = Debug|Any CPU
		{F3B7BF2E-A614-41B4-AD91-63FDF5C3488F}.Release|Any CPU.ActiveCfg = Release|Any CPU
		{F3B7BF2E-A614-41B4-AD91-63FDF5C3488F}.Release|Any CPU.Build.0 = Release|Any CPU
	EndGlobalSection
	GlobalSection(SolutionProperties) = preSolution
		HideSolutionNode = FALSE
	EndGlobalSection
	GlobalSection(ExtensibilityGlobals) = postSolution
		SolutionGuid = {FE22CAC4-3092-4A71-B931-ACEEB0BF3861}
	EndGlobalSection
EndGlobal
