
Microsoft Visual Studio Solution File, Format Version 12.00
# Visual Studio Version 16
VisualStudioVersion = 16.0.28922.388
MinimumVisualStudioVersion = 10.0.40219.1
Project("{9A19103F-16F7-4668-BE54-9A1E7A4F7556}") = "BYTDownloader", "BYTDownloader\BYTDownloader.csproj", "{F3B7BF2E-A614-41B4-AD91-63FDF5C3488F}"
	ProjectSection(ProjectDependencies) = postProject
		{534B0B7F-4E9A-4C5D-9934-AF22EE35CE9F} = {534B0B7F-4E9A-4C5D-9934-AF22EE35CE9F}
	EndProjectSection
EndProject
Project("{2150E333-8FDC-42A3-9474-1A3956D46DE8}") = "Solution Items", "Solution Items", "{FBB83DDD-C9B6-4B05-B229-A9C9CE07A77C}"
	ProjectSection(SolutionItems) = preProject
		.editorconfig = .editorconfig
	EndProjectSection
EndProject
Project("{8BC9CEB8-8B4A-11D0-8D11-00A0C91BC942}") = "Updater", "Updater\Updater.vcxproj", "{534B0B7F-4E9A-4C5D-9934-AF22EE35CE9F}"
EndProject
Global
	GlobalSection(SolutionConfigurationPlatforms) = preSolution
		Debug|Any CPU = Debug|Any CPU
		Debug|x64 = Debug|x64
		Debug|x86 = Debug|x86
		Release|Any CPU = Release|Any CPU
		Release|x64 = Release|x64
		Release|x86 = Release|x86
	EndGlobalSection
	GlobalSection(ProjectConfigurationPlatforms) = postSolution
		{F3B7BF2E-A614-41B4-AD91-63FDF5C3488F}.Debug|Any CPU.ActiveCfg = Debug|Any CPU
		{F3B7BF2E-A614-41B4-AD91-63FDF5C3488F}.Debug|Any CPU.Build.0 = Debug|Any CPU
		{F3B7BF2E-A614-41B4-AD91-63FDF5C3488F}.Debug|x64.ActiveCfg = Debug|Any CPU
		{F3B7BF2E-A614-41B4-AD91-63FDF5C3488F}.Debug|x64.Build.0 = Debug|Any CPU
		{F3B7BF2E-A614-41B4-AD91-63FDF5C3488F}.Debug|x86.ActiveCfg = Debug|Any CPU
		{F3B7BF2E-A614-41B4-AD91-63FDF5C3488F}.Debug|x86.Build.0 = Debug|Any CPU
		{F3B7BF2E-A614-41B4-AD91-63FDF5C3488F}.Release|Any CPU.ActiveCfg = Release|Any CPU
		{F3B7BF2E-A614-41B4-AD91-63FDF5C3488F}.Release|Any CPU.Build.0 = Release|Any CPU
		{F3B7BF2E-A614-41B4-AD91-63FDF5C3488F}.Release|x64.ActiveCfg = Release|Any CPU
		{F3B7BF2E-A614-41B4-AD91-63FDF5C3488F}.Release|x64.Build.0 = Release|Any CPU
		{F3B7BF2E-A614-41B4-AD91-63FDF5C3488F}.Release|x86.ActiveCfg = Release|Any CPU
		{F3B7BF2E-A614-41B4-AD91-63FDF5C3488F}.Release|x86.Build.0 = Release|Any CPU
		{534B0B7F-4E9A-4C5D-9934-AF22EE35CE9F}.Debug|Any CPU.ActiveCfg = Debug|Win32
		{534B0B7F-4E9A-4C5D-9934-AF22EE35CE9F}.Debug|Any CPU.Build.0 = Debug|Win32
		{534B0B7F-4E9A-4C5D-9934-AF22EE35CE9F}.Debug|x64.ActiveCfg = Debug|x64
		{534B0B7F-4E9A-4C5D-9934-AF22EE35CE9F}.Debug|x64.Build.0 = Debug|x64
		{534B0B7F-4E9A-4C5D-9934-AF22EE35CE9F}.Debug|x86.ActiveCfg = Debug|Win32
		{534B0B7F-4E9A-4C5D-9934-AF22EE35CE9F}.Debug|x86.Build.0 = Debug|Win32
		{534B0B7F-4E9A-4C5D-9934-AF22EE35CE9F}.Release|Any CPU.ActiveCfg = Release|Win32
		{534B0B7F-4E9A-4C5D-9934-AF22EE35CE9F}.Release|Any CPU.Build.0 = Release|Win32
		{534B0B7F-4E9A-4C5D-9934-AF22EE35CE9F}.Release|x64.ActiveCfg = Release|x64
		{534B0B7F-4E9A-4C5D-9934-AF22EE35CE9F}.Release|x64.Build.0 = Release|x64
		{534B0B7F-4E9A-4C5D-9934-AF22EE35CE9F}.Release|x86.ActiveCfg = Release|Win32
		{534B0B7F-4E9A-4C5D-9934-AF22EE35CE9F}.Release|x86.Build.0 = Release|Win32
	EndGlobalSection
	GlobalSection(SolutionProperties) = preSolution
		HideSolutionNode = FALSE
	EndGlobalSection
	GlobalSection(ExtensibilityGlobals) = postSolution
		SolutionGuid = {FE22CAC4-3092-4A71-B931-ACEEB0BF3861}
	EndGlobalSection
EndGlobal
